
Microsoft Visual Studio Solution File, Format Version 12.00
# Visual Studio 14
VisualStudioVersion = 14.0.25420.1
MinimumVisualStudioVersion = 10.0.40219.1
Project("{FAE04EC0-301F-11D3-BF4B-00C04F79EFBC}") = "TalkativeApp", "TalkativeApp\TalkativeApp.csproj", "{D45010E8-A242-483A-BE35-7B4C2A0339C1}"
EndProject
Project("{FAE04EC0-301F-11D3-BF4B-00C04F79EFBC}") = "TalkativeCompiler", "TalkativeCompiler\TalkativeCompiler.csproj", "{151F70C0-1819-4A07-82E0-C5A2B59A98C7}"
EndProject
Project("{FAE04EC0-301F-11D3-BF4B-00C04F79EFBC}") = "TalkativeCompilerTests", "TalkativeCompilerTests\TalkativeCompilerTests.csproj", "{6600D32F-825B-493B-B50F-398233CC5EA0}"
EndProject
Project("{2150E333-8FDC-42A3-9474-1A3956D46DE8}") = "Solution Items", "Solution Items", "{D91B118E-4475-4CC2-829D-4FB3D2AD872E}"
	ProjectSection(SolutionItems) = preProject
		Sample.ta = Sample.ta
		TalkativeDefinition.md = TalkativeDefinition.md
	EndProjectSection
EndProject
Global
	GlobalSection(SolutionConfigurationPlatforms) = preSolution
		Debug|Any CPU = Debug|Any CPU
		Release|Any CPU = Release|Any CPU
	EndGlobalSection
	GlobalSection(ProjectConfigurationPlatforms) = postSolution
		{D45010E8-A242-483A-BE35-7B4C2A0339C1}.Debug|Any CPU.ActiveCfg = Debug|Any CPU
		{D45010E8-A242-483A-BE35-7B4C2A0339C1}.Debug|Any CPU.Build.0 = Debug|Any CPU
		{D45010E8-A242-483A-BE35-7B4C2A0339C1}.Release|Any CPU.ActiveCfg = Release|Any CPU
		{D45010E8-A242-483A-BE35-7B4C2A0339C1}.Release|Any CPU.Build.0 = Release|Any CPU
		{151F70C0-1819-4A07-82E0-C5A2B59A98C7}.Debug|Any CPU.ActiveCfg = Debug|Any CPU
		{151F70C0-1819-4A07-82E0-C5A2B59A98C7}.Debug|Any CPU.Build.0 = Debug|Any CPU
		{151F70C0-1819-4A07-82E0-C5A2B59A98C7}.Release|Any CPU.ActiveCfg = Release|Any CPU
		{151F70C0-1819-4A07-82E0-C5A2B59A98C7}.Release|Any CPU.Build.0 = Release|Any CPU
		{6600D32F-825B-493B-B50F-398233CC5EA0}.Debug|Any CPU.ActiveCfg = Debug|Any CPU
		{6600D32F-825B-493B-B50F-398233CC5EA0}.Debug|Any CPU.Build.0 = Debug|Any CPU
		{6600D32F-825B-493B-B50F-398233CC5EA0}.Release|Any CPU.ActiveCfg = Release|Any CPU
		{6600D32F-825B-493B-B50F-398233CC5EA0}.Release|Any CPU.Build.0 = Release|Any CPU
	EndGlobalSection
	GlobalSection(SolutionProperties) = preSolution
		HideSolutionNode = FALSE
	EndGlobalSection
EndGlobal
